
Microsoft Visual Studio Solution File, Format Version 12.00
# Visual Studio Version 16
VisualStudioVersion = 16.0.31019.35
MinimumVisualStudioVersion = 10.0.40219.1
Project("{8BC9CEB8-8B4A-11D0-8D11-00A0C91BC942}") = "FlappyBird_Console", "FlappyBird_Console.vcxproj", "{E87AA1C8-6521-4C0A-A38C-2DE59D2AC8FD}"
EndProject
Global
	GlobalSection(SolutionConfigurationPlatforms) = preSolution
		Debug|x64 = Debug|x64
		Debug|x86 = Debug|x86
		Release|x64 = Release|x64
		Release|x86 = Release|x86
	EndGlobalSection
	GlobalSection(ProjectConfigurationPlatforms) = postSolution
		{E87AA1C8-6521-4C0A-A38C-2DE59D2AC8FD}.Debug|x64.ActiveCfg = Debug|x64
		{E87AA1C8-6521-4C0A-A38C-2DE59D2AC8FD}.Debug|x64.Build.0 = Debug|x64
		{E87AA1C8-6521-4C0A-A38C-2DE59D2AC8FD}.Debug|x86.ActiveCfg = Debug|Win32
		{E87AA1C8-6521-4C0A-A38C-2DE59D2AC8FD}.Debug|x86.Build.0 = Debug|Win32
		{E87AA1C8-6521-4C0A-A38C-2DE59D2AC8FD}.Release|x64.ActiveCfg = Release|x64
		{E87AA1C8-6521-4C0A-A38C-2DE59D2AC8FD}.Release|x64.Build.0 = Release|x64
		{E87AA1C8-6521-4C0A-A38C-2DE59D2AC8FD}.Release|x86.ActiveCfg = Release|Win32
		{E87AA1C8-6521-4C0A-A38C-2DE59D2AC8FD}.Release|x86.Build.0 = Release|Win32
	EndGlobalSection
	GlobalSection(SolutionProperties) = preSolution
		HideSolutionNode = FALSE
	EndGlobalSection
	GlobalSection(ExtensibilityGlobals) = postSolution
		SolutionGuid = {D0F4E179-0BB3-4DAB-87AD-6AD5EF7C0164}
	EndGlobalSection
EndGlobal
